
Microsoft Visual Studio Solution File, Format Version 12.00
# Visual Studio Version 17
VisualStudioVersion = 17.10.35122.118
MinimumVisualStudioVersion = 10.0.40219.1
Project("{FAE04EC0-301F-11D3-BF4B-00C04F79EFBC}") = "ecommerceApp", "ecommerceApp.csproj", "{87999F99-9512-4F52-8721-14BAD08A4BC0}"
EndProject
Global
	GlobalSection(SolutionConfigurationPlatforms) = preSolution
		Debug|Any CPU = Debug|Any CPU
		Release|Any CPU = Release|Any CPU
	EndGlobalSection
	GlobalSection(ProjectConfigurationPlatforms) = postSolution
		{87999F99-9512-4F52-8721-14BAD08A4BC0}.Debug|Any CPU.ActiveCfg = Debug|Any CPU
		{87999F99-9512-4F52-8721-14BAD08A4BC0}.Debug|Any CPU.Build.0 = Debug|Any CPU
		{87999F99-9512-4F52-8721-14BAD08A4BC0}.Release|Any CPU.ActiveCfg = Release|Any CPU
		{87999F99-9512-4F52-8721-14BAD08A4BC0}.Release|Any CPU.Build.0 = Release|Any CPU
	EndGlobalSection
	GlobalSection(SolutionProperties) = preSolution
		HideSolutionNode = FALSE
	EndGlobalSection
	GlobalSection(ExtensibilityGlobals) = postSolution
		SolutionGuid = {B67D93D3-FE0A-4F1A-887B-AA590B1962D3}
	EndGlobalSection
EndGlobal
